dependencies:
- name: kibana
  repository: https://c4twithshell.github.io/bitnami-charts
  version: 12.1.11
- name: common
  repository: https://c4twithshell.github.io/bitnami-charts
  version: 2.31.8
digest: sha256:68fef1f0c45234e015a7467ee431cdead6b988218a97ca72f1893f950083099e
generated: "2026-04-15T13:02:52.250676+03:00"
